
Microsoft Visual Studio Solution File, Format Version 12.00
# Visual Studio Version 17
VisualStudioVersion = 17.13.35931.197
MinimumVisualStudioVersion = 10.0.40219.1
Project("{FAE04EC0-301F-11D3-BF4B-00C04F79EFBC}") = "VnuRehab", "VnuRehab\VnuRehab.csproj", "{A8F23A8E-1446-451F-BD2B-702D81076425}"
EndProject
Project("{FAE04EC0-301F-11D3-BF4B-00C04F79EFBC}") = "VnuRehabAPI", "VnuRehabAPI\VnuRehabAPI.csproj", "{95B39CD1-EF7A-1E7A-1C06-FAA5D2DB5601}"
EndProject
Project("{54435603-DBB4-11D2-8724-00A0C9A8B90C}") = "VnuRehabInstaller", "VnuRehabInstaller\VnuRehabInstaller.vdproj", "{3F4E445F-02F0-2B55-3495-83057E95DF30}"
EndProject
Global
	GlobalSection(SolutionConfigurationPlatforms) = preSolution
		Debug|Any CPU = Debug|Any CPU
		Debug|x64 = Debug|x64
		Debug|x86 = Debug|x86
		Release|Any CPU = Release|Any CPU
		Release|x64 = Release|x64
		Release|x86 = Release|x86
	EndGlobalSection
	GlobalSection(ProjectConfigurationPlatforms) = postSolution
		{A8F23A8E-1446-451F-BD2B-702D81076425}.Debug|Any CPU.ActiveCfg = Debug|Any CPU
		{A8F23A8E-1446-451F-BD2B-702D81076425}.Debug|Any CPU.Build.0 = Debug|Any CPU
		{A8F23A8E-1446-451F-BD2B-702D81076425}.Debug|x64.ActiveCfg = Debug|x64
		{A8F23A8E-1446-451F-BD2B-702D81076425}.Debug|x64.Build.0 = Debug|x64
		{A8F23A8E-1446-451F-BD2B-702D81076425}.Debug|x86.ActiveCfg = Debug|x86
		{A8F23A8E-1446-451F-BD2B-702D81076425}.Debug|x86.Build.0 = Debug|x86
		{A8F23A8E-1446-451F-BD2B-702D81076425}.Release|Any CPU.ActiveCfg = Release|Any CPU
		{A8F23A8E-1446-451F-BD2B-702D81076425}.Release|Any CPU.Build.0 = Release|Any CPU
		{A8F23A8E-1446-451F-BD2B-702D81076425}.Release|x64.ActiveCfg = Release|x64
		{A8F23A8E-1446-451F-BD2B-702D81076425}.Release|x64.Build.0 = Release|x64
		{A8F23A8E-1446-451F-BD2B-702D81076425}.Release|x86.ActiveCfg = Release|x64
		{A8F23A8E-1446-451F-BD2B-702D81076425}.Release|x86.Build.0 = Release|x64
		{95B39CD1-EF7A-1E7A-1C06-FAA5D2DB5601}.Debug|Any CPU.ActiveCfg = Debug|Any CPU
		{95B39CD1-EF7A-1E7A-1C06-FAA5D2DB5601}.Debug|Any CPU.Build.0 = Debug|Any CPU
		{95B39CD1-EF7A-1E7A-1C06-FAA5D2DB5601}.Debug|x64.ActiveCfg = Debug|x64
		{95B39CD1-EF7A-1E7A-1C06-FAA5D2DB5601}.Debug|x64.Build.0 = Debug|x64
		{95B39CD1-EF7A-1E7A-1C06-FAA5D2DB5601}.Debug|x86.ActiveCfg = Debug|x86
		{95B39CD1-EF7A-1E7A-1C06-FAA5D2DB5601}.Debug|x86.Build.0 = Debug|x86
		{95B39CD1-EF7A-1E7A-1C06-FAA5D2DB5601}.Release|Any CPU.ActiveCfg = Release|Any CPU
		{95B39CD1-EF7A-1E7A-1C06-FAA5D2DB5601}.Release|Any CPU.Build.0 = Release|Any CPU
		{95B39CD1-EF7A-1E7A-1C06-FAA5D2DB5601}.Release|x64.ActiveCfg = Release|x64
		{95B39CD1-EF7A-1E7A-1C06-FAA5D2DB5601}.Release|x64.Build.0 = Release|x64
		{95B39CD1-EF7A-1E7A-1C06-FAA5D2DB5601}.Release|x86.ActiveCfg = Release|x64
		{95B39CD1-EF7A-1E7A-1C06-FAA5D2DB5601}.Release|x86.Build.0 = Release|x64
		{3F4E445F-02F0-2B55-3495-83057E95DF30}.Debug|Any CPU.ActiveCfg = Debug
		{3F4E445F-02F0-2B55-3495-83057E95DF30}.Debug|x64.ActiveCfg = Debug
		{3F4E445F-02F0-2B55-3495-83057E95DF30}.Debug|x64.Build.0 = Debug
		{3F4E445F-02F0-2B55-3495-83057E95DF30}.Debug|x86.ActiveCfg = Debug
		{3F4E445F-02F0-2B55-3495-83057E95DF30}.Debug|x86.Build.0 = Debug
		{3F4E445F-02F0-2B55-3495-83057E95DF30}.Release|Any CPU.ActiveCfg = Release
		{3F4E445F-02F0-2B55-3495-83057E95DF30}.Release|x64.ActiveCfg = Release
		{3F4E445F-02F0-2B55-3495-83057E95DF30}.Release|x64.Build.0 = Release
		{3F4E445F-02F0-2B55-3495-83057E95DF30}.Release|x86.ActiveCfg = Release
		{3F4E445F-02F0-2B55-3495-83057E95DF30}.Release|x86.Build.0 = Release
	EndGlobalSection
	GlobalSection(SolutionProperties) = preSolution
		HideSolutionNode = FALSE
	EndGlobalSection
	GlobalSection(ExtensibilityGlobals) = postSolution
		SolutionGuid = {57A7B299-CE46-4D69-998E-08DED0144D0D}
	EndGlobalSection
EndGlobal
