
Microsoft Visual Studio Solution File, Format Version 12.00
# Visual Studio Version 17
VisualStudioVersion = 17.13.35931.197
MinimumVisualStudioVersion = 10.0.40219.1
Project("{FAE04EC0-301F-11D3-BF4B-00C04F79EFBC}") = "VnuRehab", "VnuRehab\VnuRehab.csproj", "{A8F23A8E-1446-451F-BD2B-702D81076425}"
EndProject
Project("{FAE04EC0-301F-11D3-BF4B-00C04F79EFBC}") = "VnuRehabAPI", "VnuRehabAPI\VnuRehabAPI.csproj", "{95B39CD1-EF7A-1E7A-1C06-FAA5D2DB5601}"
EndProject
Global
	GlobalSection(SolutionConfigurationPlatforms) = preSolution
		Debug|Any CPU = Debug|Any CPU
		Release|Any CPU = Release|Any CPU
	EndGlobalSection
	GlobalSection(ProjectConfigurationPlatforms) = postSolution
		{A8F23A8E-1446-451F-BD2B-702D81076425}.Debug|Any CPU.ActiveCfg = Debug|Any CPU
		{A8F23A8E-1446-451F-BD2B-702D81076425}.Debug|Any CPU.Build.0 = Debug|Any CPU
		{A8F23A8E-1446-451F-BD2B-702D81076425}.Release|Any CPU.ActiveCfg = Release|Any CPU
		{A8F23A8E-1446-451F-BD2B-702D81076425}.Release|Any CPU.Build.0 = Release|Any CPU
		{95B39CD1-EF7A-1E7A-1C06-FAA5D2DB5601}.Debug|Any CPU.ActiveCfg = Debug|Any CPU
		{95B39CD1-EF7A-1E7A-1C06-FAA5D2DB5601}.Debug|Any CPU.Build.0 = Debug|Any CPU
		{95B39CD1-EF7A-1E7A-1C06-FAA5D2DB5601}.Release|Any CPU.ActiveCfg = Release|Any CPU
		{95B39CD1-EF7A-1E7A-1C06-FAA5D2DB5601}.Release|Any CPU.Build.0 = Release|Any CPU
	EndGlobalSection
	GlobalSection(SolutionProperties) = preSolution
		HideSolutionNode = FALSE
	EndGlobalSection
	GlobalSection(ExtensibilityGlobals) = postSolution
		SolutionGuid = {57A7B299-CE46-4D69-998E-08DED0144D0D}
	EndGlobalSection
EndGlobal
